Microsoft Visual Studio Solution File, Format Version 12.00
# Visual Studio Version 17
VisualStudioVersion = 17.0.31903.59
MinimumVisualStudioVersion = 10.0.40219.1
Project("{2150E333-8FDC-42A3-9474-1A3956D46DE8}") = "src", "src", "{827E0CD3-B72D-47B6-A68D-7590B98EB39B}"
EndProject
Project("{2150E333-8FDC-42A3-9474-1A3956D46DE8}") = "Core", "Core", "{8D626EA8-CB54-BC41-363A-217881BEBA6E}"
EndProject
Project("{FAE04EC0-301F-11D3-BF4B-00C04F79EFBC}") = "Hartonomous.Core", "src\Core\Hartonomous.Core\Hartonomous.Core.csproj", "{4748FA01-90CD-4E0D-9EB6-62DA50DB10BC}"
EndProject
Project("{2150E333-8FDC-42A3-9474-1A3956D46DE8}") = "Infrastructure", "Infrastructure", "{9048EB7F-3875-A59E-E36B-5BD4C6F2A282}"
EndProject
Project("{FAE04EC0-301F-11D3-BF4B-00C04F79EFBC}") = "Hartonomous.Infrastructure.Security", "src\Infrastructure\Hartonomous.Infrastructure.Security\Hartonomous.Infrastructure.Security.csproj", "{A5BD3295-D650-4A4B-902C-86DE2327B4A1}"
EndProject
Project("{FAE04EC0-301F-11D3-BF4B-00C04F79EFBC}") = "Hartonomous.Infrastructure.Observability", "src\Infrastructure\Hartonomous.Infrastructure.Observability\Hartonomous.Infrastructure.Observability.csproj", "{1BE4AFF3-5318-4821-AD5A-7EEE2D8A9389}"
EndProject
Project("{2150E333-8FDC-42A3-9474-1A3956D46DE8}") = "Database", "Database", "{76D67ED7-F942-09D1-EB9C-5DD1CD93BD2D}"
EndProject
Project("{FAE04EC0-301F-11D3-BF4B-00C04F79EFBC}") = "Hartonomous.Database", "src\Database\Hartonomous.Database\Hartonomous.Database.csproj", "{E168CCA9-0A90-487B-8263-70B91256B98F}"
EndProject
Project("{FAE04EC0-301F-11D3-BF4B-00C04F79EFBC}") = "Hartonomous.Infrastructure.Configuration", "src\Infrastructure\Hartonomous.Infrastructure.Configuration\Hartonomous.Infrastructure.Configuration.csproj", "{585F55CD-6784-46A7-BBDB-3D1093C4DC86}"
EndProject
Project("{2150E333-8FDC-42A3-9474-1A3956D46DE8}") = "Api", "Api", "{81034408-37C8-1011-444E-4C15C2FADA8E}"
EndProject
Project("{FAE04EC0-301F-11D3-BF4B-00C04F79EFBC}") = "Hartonomous.Api", "src\Api\Hartonomous.Api\Hartonomous.Api.csproj", "{50E48971-EE63-48E4-AFD7-406BEE7B4BBE}"
EndProject
Project("{2150E333-8FDC-42A3-9474-1A3956D46DE8}") = "Services", "Services", "{F2A8C4D1-9E5B-4A3C-8F7D-123456789ABC}"
EndProject
Project("{FAE04EC0-301F-11D3-BF4B-00C04F79EFBC}") = "Hartonomous.MCP", "src\Services\Hartonomous.MCP\Hartonomous.MCP.csproj", "{7B8E9F10-1234-5678-9ABC-DEF012345678}"
EndProject
Project("{FAE04EC0-301F-11D3-BF4B-00C04F79EFBC}") = "Hartonomous.ModelQuery", "src\Services\Hartonomous.ModelQuery\Hartonomous.ModelQuery.csproj", "{9C0D1F22-3456-7890-BCDE-F0123456789A}"
EndProject
Project("{FAE04EC0-301F-11D3-BF4B-00C04F79EFBC}") = "Hartonomous.Orchestration", "src\Services\Hartonomous.Orchestration\Hartonomous.Orchestration.csproj", "{AD1E2F33-4567-8901-CDEF-012345678901}"
EndProject
Project("{2150E333-8FDC-42A3-9474-1A3956D46DE8}") = "Client", "Client", "{BE2F3044-5678-9012-DEF0-123456789012}"
EndProject
Project("{FAE04EC0-301F-11D3-BF4B-00C04F79EFBC}") = "Hartonomous.AgentClient", "src\Client\Hartonomous.AgentClient\Hartonomous.AgentClient.csproj", "{CF304155-6789-0123-EF01-234567890123}"
EndProject
Project("{2150E333-8FDC-42A3-9474-1A3956D46DE8}") = "tests", "tests", "{0AB3BF05-4346-4AA6-1389-037BE0695223}"
EndProject
Project("{FAE04EC0-301F-11D3-BF4B-00C04F79EFBC}") = "Hartonomous.Core.Tests", "tests\Hartonomous.Core.Tests\Hartonomous.Core.Tests.csproj", "{B03F3CA6-C68C-4DB3-927A-775F251B9550}"
EndProject
Project("{FAE04EC0-301F-11D3-BF4B-00C04F79EFBC}") = "Hartonomous.Api.Tests", "tests\Hartonomous.Api.Tests\Hartonomous.Api.Tests.csproj", "{55AD3F3D-C738-4F0B-9B26-5FC9BA7AD44D}"
EndProject
Project("{FAE04EC0-301F-11D3-BF4B-00C04F79EFBC}") = "Hartonomous.MCP.Tests", "tests\Hartonomous.MCP.Tests\Hartonomous.MCP.Tests.csproj", "{8C9D0E21-2345-6789-ABCD-EF0123456789}"
EndProject
Project("{FAE04EC0-301F-11D3-BF4B-00C04F79EFBC}") = "Hartonomous.AgentClient.Tests", "tests\Hartonomous.AgentClient.Tests\Hartonomous.AgentClient.Tests.csproj", "{D0415266-789A-0234-F012-345678901234}"
EndProject
Global
	GlobalSection(SolutionConfigurationPlatforms) = preSolution
		Debug|Any CPU = Debug|Any CPU
		Debug|x64 = Debug|x64
		Debug|x86 = Debug|x86
		Release|Any CPU = Release|Any CPU
		Release|x64 = Release|x64
		Release|x86 = Release|x86
	EndGlobalSection
	GlobalSection(ProjectConfigurationPlatforms) = postSolution
		{4748FA01-90CD-4E0D-9EB6-62DA50DB10BC}.Debug|Any CPU.ActiveCfg = Debug|Any CPU
		{4748FA01-90CD-4E0D-9EB6-62DA50DB10BC}.Debug|Any CPU.Build.0 = Debug|Any CPU
		{4748FA01-90CD-4E0D-9EB6-62DA50DB10BC}.Debug|x64.ActiveCfg = Debug|Any CPU
		{4748FA01-90CD-4E0D-9EB6-62DA50DB10BC}.Debug|x64.Build.0 = Debug|Any CPU
		{4748FA01-90CD-4E0D-9EB6-62DA50DB10BC}.Debug|x86.ActiveCfg = Debug|Any CPU
		{4748FA01-90CD-4E0D-9EB6-62DA50DB10BC}.Debug|x86.Build.0 = Debug|Any CPU
		{4748FA01-90CD-4E0D-9EB6-62DA50DB10BC}.Release|Any CPU.ActiveCfg = Release|Any CPU
		{4748FA01-90CD-4E0D-9EB6-62DA50DB10BC}.Release|Any CPU.Build.0 = Release|Any CPU
		{4748FA01-90CD-4E0D-9EB6-62DA50DB10BC}.Release|x64.ActiveCfg = Release|Any CPU
		{4748FA01-90CD-4E0D-9EB6-62DA50DB10BC}.Release|x64.Build.0 = Release|Any CPU
		{4748FA01-90CD-4E0D-9EB6-62DA50DB10BC}.Release|x86.ActiveCfg = Release|Any CPU
		{4748FA01-90CD-4E0D-9EB6-62DA50DB10BC}.Release|x86.Build.0 = Release|Any CPU
		{A5BD3295-D650-4A4B-902C-86DE2327B4A1}.Debug|Any CPU.ActiveCfg = Debug|Any CPU
		{A5BD3295-D650-4A4B-902C-86DE2327B4A1}.Debug|Any CPU.Build.0 = Debug|Any CPU
		{A5BD3295-D650-4A4B-902C-86DE2327B4A1}.Debug|x64.ActiveCfg = Debug|Any CPU
		{A5BD3295-D650-4A4B-902C-86DE2327B4A1}.Debug|x64.Build.0 = Debug|Any CPU
		{A5BD3295-D650-4A4B-902C-86DE2327B4A1}.Debug|x86.ActiveCfg = Debug|Any CPU
		{A5BD3295-D650-4A4B-902C-86DE2327B4A1}.Debug|x86.Build.0 = Debug|Any CPU
		{A5BD3295-D650-4A4B-902C-86DE2327B4A1}.Release|Any CPU.ActiveCfg = Release|Any CPU
		{A5BD3295-D650-4A4B-902C-86DE2327B4A1}.Release|Any CPU.Build.0 = Release|Any CPU
		{A5BD3295-D650-4A4B-902C-86DE2327B4A1}.Release|x64.ActiveCfg = Release|Any CPU
		{A5BD3295-D650-4A4B-902C-86DE2327B4A1}.Release|x64.Build.0 = Release|Any CPU
		{A5BD3295-D650-4A4B-902C-86DE2327B4A1}.Release|x86.ActiveCfg = Release|Any CPU
		{A5BD3295-D650-4A4B-902C-86DE2327B4A1}.Release|x86.Build.0 = Release|Any CPU
		{1BE4AFF3-5318-4821-AD5A-7EEE2D8A9389}.Debug|Any CPU.ActiveCfg = Debug|Any CPU
		{1BE4AFF3-5318-4821-AD5A-7EEE2D8A9389}.Debug|Any CPU.Build.0 = Debug|Any CPU
		{1BE4AFF3-5318-4821-AD5A-7EEE2D8A9389}.Debug|x64.ActiveCfg = Debug|Any CPU
		{1BE4AFF3-5318-4821-AD5A-7EEE2D8A9389}.Debug|x64.Build.0 = Debug|Any CPU
		{1BE4AFF3-5318-4821-AD5A-7EEE2D8A9389}.Debug|x86.ActiveCfg = Debug|Any CPU
		{1BE4AFF3-5318-4821-AD5A-7EEE2D8A9389}.Debug|x86.Build.0 = Debug|Any CPU
		{1BE4AFF3-5318-4821-AD5A-7EEE2D8A9389}.Release|Any CPU.ActiveCfg = Release|Any CPU
		{1BE4AFF3-5318-4821-AD5A-7EEE2D8A9389}.Release|Any CPU.Build.0 = Release|Any CPU
		{1BE4AFF3-5318-4821-AD5A-7EEE2D8A9389}.Release|x64.ActiveCfg = Release|Any CPU
		{1BE4AFF3-5318-4821-AD5A-7EEE2D8A9389}.Release|x64.Build.0 = Release|Any CPU
		{1BE4AFF3-5318-4821-AD5A-7EEE2D8A9389}.Release|x86.ActiveCfg = Release|Any CPU
		{1BE4AFF3-5318-4821-AD5A-7EEE2D8A9389}.Release|x86.Build.0 = Release|Any CPU
		{E168CCA9-0A90-487B-8263-70B91256B98F}.Debug|Any CPU.ActiveCfg = Debug|Any CPU
		{E168CCA9-0A90-487B-8263-70B91256B98F}.Debug|Any CPU.Build.0 = Debug|Any CPU
		{E168CCA9-0A90-487B-8263-70B91256B98F}.Debug|x64.ActiveCfg = Debug|Any CPU
		{E168CCA9-0A90-487B-8263-70B91256B98F}.Debug|x64.Build.0 = Debug|Any CPU
		{E168CCA9-0A90-487B-8263-70B91256B98F}.Debug|x86.ActiveCfg = Debug|Any CPU
		{E168CCA9-0A90-487B-8263-70B91256B98F}.Debug|x86.Build.0 = Debug|Any CPU
		{E168CCA9-0A90-487B-8263-70B91256B98F}.Release|Any CPU.ActiveCfg = Release|Any CPU
		{E168CCA9-0A90-487B-8263-70B91256B98F}.Release|Any CPU.Build.0 = Release|Any CPU
		{E168CCA9-0A90-487B-8263-70B91256B98F}.Release|x64.ActiveCfg = Release|Any CPU
		{E168CCA9-0A90-487B-8263-70B91256B98F}.Release|x64.Build.0 = Release|Any CPU
		{E168CCA9-0A90-487B-8263-70B91256B98F}.Release|x86.ActiveCfg = Release|Any CPU
		{E168CCA9-0A90-487B-8263-70B91256B98F}.Release|x86.Build.0 = Release|Any CPU
		{585F55CD-6784-46A7-BBDB-3D1093C4DC86}.Debug|Any CPU.ActiveCfg = Debug|Any CPU
		{585F55CD-6784-46A7-BBDB-3D1093C4DC86}.Debug|Any CPU.Build.0 = Debug|Any CPU
		{585F55CD-6784-46A7-BBDB-3D1093C4DC86}.Debug|x64.ActiveCfg = Debug|Any CPU
		{585F55CD-6784-46A7-BBDB-3D1093C4DC86}.Debug|x64.Build.0 = Debug|Any CPU
		{585F55CD-6784-46A7-BBDB-3D1093C4DC86}.Debug|x86.ActiveCfg = Debug|Any CPU
		{585F55CD-6784-46A7-BBDB-3D1093C4DC86}.Debug|x86.Build.0 = Debug|Any CPU
		{585F55CD-6784-46A7-BBDB-3D1093C4DC86}.Release|Any CPU.ActiveCfg = Release|Any CPU
		{585F55CD-6784-46A7-BBDB-3D1093C4DC86}.Release|Any CPU.Build.0 = Release|Any CPU
		{585F55CD-6784-46A7-BBDB-3D1093C4DC86}.Release|x64.ActiveCfg = Release|Any CPU
		{585F55CD-6784-46A7-BBDB-3D1093C4DC86}.Release|x64.Build.0 = Release|Any CPU
		{585F55CD-6784-46A7-BBDB-3D1093C4DC86}.Release|x86.ActiveCfg = Release|Any CPU
		{585F55CD-6784-46A7-BBDB-3D1093C4DC86}.Release|x86.Build.0 = Release|Any CPU
		{50E48971-EE63-48E4-AFD7-406BEE7B4BBE}.Debug|Any CPU.ActiveCfg = Debug|Any CPU
		{50E48971-EE63-48E4-AFD7-406BEE7B4BBE}.Debug|Any CPU.Build.0 = Debug|Any CPU
		{50E48971-EE63-48E4-AFD7-406BEE7B4BBE}.Debug|x64.ActiveCfg = Debug|Any CPU
		{50E48971-EE63-48E4-AFD7-406BEE7B4BBE}.Debug|x64.Build.0 = Debug|Any CPU
		{50E48971-EE63-48E4-AFD7-406BEE7B4BBE}.Debug|x86.ActiveCfg = Debug|Any CPU
		{50E48971-EE63-48E4-AFD7-406BEE7B4BBE}.Debug|x86.Build.0 = Debug|Any CPU
		{50E48971-EE63-48E4-AFD7-406BEE7B4BBE}.Release|Any CPU.ActiveCfg = Release|Any CPU
		{50E48971-EE63-48E4-AFD7-406BEE7B4BBE}.Release|Any CPU.Build.0 = Release|Any CPU
		{50E48971-EE63-48E4-AFD7-406BEE7B4BBE}.Release|x64.ActiveCfg = Release|Any CPU
		{50E48971-EE63-48E4-AFD7-406BEE7B4BBE}.Release|x64.Build.0 = Release|Any CPU
		{50E48971-EE63-48E4-AFD7-406BEE7B4BBE}.Release|x86.ActiveCfg = Release|Any CPU
		{50E48971-EE63-48E4-AFD7-406BEE7B4BBE}.Release|x86.Build.0 = Release|Any CPU
		{7B8E9F10-1234-5678-9ABC-DEF012345678}.Debug|Any CPU.ActiveCfg = Debug|Any CPU
		{7B8E9F10-1234-5678-9ABC-DEF012345678}.Debug|Any CPU.Build.0 = Debug|Any CPU
		{7B8E9F10-1234-5678-9ABC-DEF012345678}.Debug|x64.ActiveCfg = Debug|Any CPU
		{7B8E9F10-1234-5678-9ABC-DEF012345678}.Debug|x64.Build.0 = Debug|Any CPU
		{7B8E9F10-1234-5678-9ABC-DEF012345678}.Debug|x86.ActiveCfg = Debug|Any CPU
		{7B8E9F10-1234-5678-9ABC-DEF012345678}.Debug|x86.Build.0 = Debug|Any CPU
		{7B8E9F10-1234-5678-9ABC-DEF012345678}.Release|Any CPU.ActiveCfg = Release|Any CPU
		{7B8E9F10-1234-5678-9ABC-DEF012345678}.Release|Any CPU.Build.0 = Release|Any CPU
		{7B8E9F10-1234-5678-9ABC-DEF012345678}.Release|x64.ActiveCfg = Debug|Any CPU
		{7B8E9F10-1234-5678-9ABC-DEF012345678}.Release|x64.Build.0 = Debug|Any CPU
		{7B8E9F10-1234-5678-9ABC-DEF012345678}.Release|x86.ActiveCfg = Release|Any CPU
		{7B8E9F10-1234-5678-9ABC-DEF012345678}.Release|x86.Build.0 = Release|Any CPU
		{9C0D1F22-3456-7890-BCDE-F0123456789A}.Debug|Any CPU.ActiveCfg = Debug|Any CPU
		{9C0D1F22-3456-7890-BCDE-F0123456789A}.Debug|Any CPU.Build.0 = Debug|Any CPU
		{9C0D1F22-3456-7890-BCDE-F0123456789A}.Debug|x64.ActiveCfg = Debug|Any CPU
		{9C0D1F22-3456-7890-BCDE-F0123456789A}.Debug|x64.Build.0 = Debug|Any CPU
		{9C0D1F22-3456-7890-BCDE-F0123456789A}.Debug|x86.ActiveCfg = Debug|Any CPU
		{9C0D1F22-3456-7890-BCDE-F0123456789A}.Debug|x86.Build.0 = Debug|Any CPU
		{9C0D1F22-3456-7890-BCDE-F0123456789A}.Release|Any CPU.ActiveCfg = Release|Any CPU
		{9C0D1F22-3456-7890-BCDE-F0123456789A}.Release|Any CPU.Build.0 = Release|Any CPU
		{9C0D1F22-3456-7890-BCDE-F0123456789A}.Release|x64.ActiveCfg = Release|Any CPU
		{9C0D1F22-3456-7890-BCDE-F0123456789A}.Release|x64.Build.0 = Release|Any CPU
		{9C0D1F22-3456-7890-BCDE-F0123456789A}.Release|x86.ActiveCfg = Release|Any CPU
		{9C0D1F22-3456-7890-BCDE-F0123456789A}.Release|x86.Build.0 = Release|Any CPU
		{AD1E2F33-4567-8901-CDEF-012345678901}.Debug|Any CPU.ActiveCfg = Debug|Any CPU
		{AD1E2F33-4567-8901-CDEF-012345678901}.Debug|Any CPU.Build.0 = Debug|Any CPU
		{AD1E2F33-4567-8901-CDEF-012345678901}.Debug|x64.ActiveCfg = Debug|Any CPU
		{AD1E2F33-4567-8901-CDEF-012345678901}.Debug|x64.Build.0 = Debug|Any CPU
		{AD1E2F33-4567-8901-CDEF-012345678901}.Debug|x86.ActiveCfg = Debug|Any CPU
		{AD1E2F33-4567-8901-CDEF-012345678901}.Debug|x86.Build.0 = Debug|Any CPU
		{AD1E2F33-4567-8901-CDEF-012345678901}.Release|Any CPU.ActiveCfg = Release|Any CPU
		{AD1E2F33-4567-8901-CDEF-012345678901}.Release|Any CPU.Build.0 = Release|Any CPU
		{AD1E2F33-4567-8901-CDEF-012345678901}.Release|x64.ActiveCfg = Release|Any CPU
		{AD1E2F33-4567-8901-CDEF-012345678901}.Release|x64.Build.0 = Release|Any CPU
		{AD1E2F33-4567-8901-CDEF-012345678901}.Release|x86.ActiveCfg = Release|Any CPU
		{AD1E2F33-4567-8901-CDEF-012345678901}.Release|x86.Build.0 = Release|Any CPU
		{CF304155-6789-0123-EF01-234567890123}.Debug|Any CPU.ActiveCfg = Debug|Any CPU
		{CF304155-6789-0123-EF01-234567890123}.Debug|Any CPU.Build.0 = Debug|Any CPU
		{CF304155-6789-0123-EF01-234567890123}.Debug|x64.ActiveCfg = Debug|Any CPU
		{CF304155-6789-0123-EF01-234567890123}.Debug|x64.Build.0 = Debug|Any CPU
		{CF304155-6789-0123-EF01-234567890123}.Debug|x86.ActiveCfg = Debug|Any CPU
		{CF304155-6789-0123-EF01-234567890123}.Debug|x86.Build.0 = Debug|Any CPU
		{CF304155-6789-0123-EF01-234567890123}.Release|Any CPU.ActiveCfg = Release|Any CPU
		{CF304155-6789-0123-EF01-234567890123}.Release|Any CPU.Build.0 = Release|Any CPU
		{CF304155-6789-0123-EF01-234567890123}.Release|x64.ActiveCfg = Release|Any CPU
		{CF304155-6789-0123-EF01-234567890123}.Release|x64.Build.0 = Release|Any CPU
		{CF304155-6789-0123-EF01-234567890123}.Release|x86.ActiveCfg = Release|Any CPU
		{CF304155-6789-0123-EF01-234567890123}.Release|x86.Build.0 = Release|Any CPU
		{B03F3CA6-C68C-4DB3-927A-775F251B9550}.Debug|Any CPU.ActiveCfg = Debug|Any CPU
		{B03F3CA6-C68C-4DB3-927A-775F251B9550}.Debug|Any CPU.Build.0 = Debug|Any CPU
		{B03F3CA6-C68C-4DB3-927A-775F251B9550}.Debug|x64.ActiveCfg = Debug|Any CPU
		{B03F3CA6-C68C-4DB3-927A-775F251B9550}.Debug|x64.Build.0 = Debug|Any CPU
		{B03F3CA6-C68C-4DB3-927A-775F251B9550}.Debug|x86.ActiveCfg = Debug|Any CPU
		{B03F3CA6-C68C-4DB3-927A-775F251B9550}.Debug|x86.Build.0 = Debug|Any CPU
		{B03F3CA6-C68C-4DB3-927A-775F251B9550}.Release|Any CPU.ActiveCfg = Release|Any CPU
		{B03F3CA6-C68C-4DB3-927A-775F251B9550}.Release|Any CPU.Build.0 = Release|Any CPU
		{B03F3CA6-C68C-4DB3-927A-775F251B9550}.Release|x64.ActiveCfg = Release|Any CPU
		{B03F3CA6-C68C-4DB3-927A-775F251B9550}.Release|x64.Build.0 = Release|Any CPU
		{B03F3CA6-C68C-4DB3-927A-775F251B9550}.Release|x86.ActiveCfg = Release|Any CPU
		{B03F3CA6-C68C-4DB3-927A-775F251B9550}.Release|x86.Build.0 = Release|Any CPU
		{55AD3F3D-C738-4F0B-9B26-5FC9BA7AD44D}.Debug|Any CPU.ActiveCfg = Debug|Any CPU
		{55AD3F3D-C738-4F0B-9B26-5FC9BA7AD44D}.Debug|Any CPU.Build.0 = Debug|Any CPU
		{55AD3F3D-C738-4F0B-9B26-5FC9BA7AD44D}.Debug|x64.ActiveCfg = Debug|Any CPU
		{55AD3F3D-C738-4F0B-9B26-5FC9BA7AD44D}.Debug|x64.Build.0 = Debug|Any CPU
		{55AD3F3D-C738-4F0B-9B26-5FC9BA7AD44D}.Debug|x86.ActiveCfg = Debug|Any CPU
		{55AD3F3D-C738-4F0B-9B26-5FC9BA7AD44D}.Debug|x86.Build.0 = Debug|Any CPU
		{55AD3F3D-C738-4F0B-9B26-5FC9BA7AD44D}.Release|Any CPU.ActiveCfg = Release|Any CPU
		{55AD3F3D-C738-4F0B-9B26-5FC9BA7AD44D}.Release|Any CPU.Build.0 = Release|Any CPU
		{55AD3F3D-C738-4F0B-9B26-5FC9BA7AD44D}.Release|x64.ActiveCfg = Release|Any CPU
		{55AD3F3D-C738-4F0B-9B26-5FC9BA7AD44D}.Release|x64.Build.0 = Release|Any CPU
		{55AD3F3D-C738-4F0B-9B26-5FC9BA7AD44D}.Release|x86.ActiveCfg = Release|Any CPU
		{55AD3F3D-C738-4F0B-9B26-5FC9BA7AD44D}.Release|x86.Build.0 = Release|Any CPU
		{8C9D0E21-2345-6789-ABCD-EF0123456789}.Debug|Any CPU.ActiveCfg = Debug|Any CPU
		{8C9D0E21-2345-6789-ABCD-EF0123456789}.Debug|Any CPU.Build.0 = Debug|Any CPU
		{8C9D0E21-2345-6789-ABCD-EF0123456789}.Debug|x64.ActiveCfg = Debug|Any CPU
		{8C9D0E21-2345-6789-ABCD-EF0123456789}.Debug|x64.Build.0 = Debug|Any CPU
		{8C9D0E21-2345-6789-ABCD-EF0123456789}.Debug|x86.ActiveCfg = Debug|Any CPU
		{8C9D0E21-2345-6789-ABCD-EF0123456789}.Debug|x86.Build.0 = Debug|Any CPU
		{8C9D0E21-2345-6789-ABCD-EF0123456789}.Release|Any CPU.ActiveCfg = Release|Any CPU
		{8C9D0E21-2345-6789-ABCD-EF0123456789}.Release|Any CPU.Build.0 = Release|Any CPU
		{8C9D0E21-2345-6789-ABCD-EF0123456789}.Release|x64.ActiveCfg = Release|Any CPU
		{8C9D0E21-2345-6789-ABCD-EF0123456789}.Release|x64.Build.0 = Release|Any CPU
		{8C9D0E21-2345-6789-ABCD-EF0123456789}.Release|x86.ActiveCfg = Release|Any CPU
		{8C9D0E21-2345-6789-ABCD-EF0123456789}.Release|x86.Build.0 = Release|Any CPU
		{D0415266-789A-0234-F012-345678901234}.Debug|Any CPU.ActiveCfg = Debug|Any CPU
		{D0415266-789A-0234-F012-345678901234}.Debug|Any CPU.Build.0 = Debug|Any CPU
		{D0415266-789A-0234-F012-345678901234}.Debug|x64.ActiveCfg = Debug|Any CPU
		{D0415266-789A-0234-F012-345678901234}.Debug|x64.Build.0 = Debug|Any CPU
		{D0415266-789A-0234-F012-345678901234}.Debug|x86.ActiveCfg = Debug|Any CPU
		{D0415266-789A-0234-F012-345678901234}.Debug|x86.Build.0 = Debug|Any CPU
		{D0415266-789A-0234-F012-345678901234}.Release|Any CPU.ActiveCfg = Release|Any CPU
		{D0415266-789A-0234-F012-345678901234}.Release|Any CPU.Build.0 = Release|Any CPU
		{D0415266-789A-0234-F012-345678901234}.Release|x64.ActiveCfg = Release|Any CPU
		{D0415266-789A-0234-F012-345678901234}.Release|x64.Build.0 = Release|Any CPU
		{D0415266-789A-0234-F012-345678901234}.Release|x86.ActiveCfg = Release|Any CPU
		{D0415266-789A-0234-F012-345678901234}.Release|x86.Build.0 = Release|Any CPU
	EndGlobalSection
	GlobalSection(SolutionProperties) = preSolution
		HideSolutionNode = FALSE
	EndGlobalSection
	GlobalSection(NestedProjects) = preSolution
		{8D626EA8-CB54-BC41-363A-217881BEBA6E} = {827E0CD3-B72D-47B6-A68D-7590B98EB39B}
		{4748FA01-90CD-4E0D-9EB6-62DA50DB10BC} = {8D626EA8-CB54-BC41-363A-217881BEBA6E}
		{9048EB7F-3875-A59E-E36B-5BD4C6F2A282} = {827E0CD3-B72D-47B6-A68D-7590B98EB39B}
		{A5BD3295-D650-4A4B-902C-86DE2327B4A1} = {9048EB7F-3875-A59E-E36B-5BD4C6F2A282}
		{1BE4AFF3-5318-4821-AD5A-7EEE2D8A9389} = {9048EB7F-3875-A59E-E36B-5BD4C6F2A282}
		{76D67ED7-F942-09D1-EB9C-5DD1CD93BD2D} = {827E0CD3-B72D-47B6-A68D-7590B98EB39B}
		{E168CCA9-0A90-487B-8263-70B91256B98F} = {76D67ED7-F942-09D1-EB9C-5DD1CD93BD2D}
		{585F55CD-6784-46A7-BBDB-3D1093C4DC86} = {9048EB7F-3875-A59E-E36B-5BD4C6F2A282}
		{81034408-37C8-1011-444E-4C15C2FADA8E} = {827E0CD3-B72D-47B6-A68D-7590B98EB39B}
		{50E48971-EE63-48E4-AFD7-406BEE7B4BBE} = {81034408-37C8-1011-444E-4C15C2FADA8E}
		{F2A8C4D1-9E5B-4A3C-8F7D-123456789ABC} = {827E0CD3-B72D-47B6-A68D-7590B98EB39B}
		{7B8E9F10-1234-5678-9ABC-DEF012345678} = {F2A8C4D1-9E5B-4A3C-8F7D-123456789ABC}
		{9C0D1F22-3456-7890-BCDE-F0123456789A} = {F2A8C4D1-9E5B-4A3C-8F7D-123456789ABC}
		{AD1E2F33-4567-8901-CDEF-012345678901} = {F2A8C4D1-9E5B-4A3C-8F7D-123456789ABC}
		{BE2F3044-5678-9012-DEF0-123456789012} = {827E0CD3-B72D-47B6-A68D-7590B98EB39B}
		{CF304155-6789-0123-EF01-234567890123} = {BE2F3044-5678-9012-DEF0-123456789012}
		{B03F3CA6-C68C-4DB3-927A-775F251B9550} = {0AB3BF05-4346-4AA6-1389-037BE0695223}
		{55AD3F3D-C738-4F0B-9B26-5FC9BA7AD44D} = {0AB3BF05-4346-4AA6-1389-037BE0695223}
		{8C9D0E21-2345-6789-ABCD-EF0123456789} = {0AB3BF05-4346-4AA6-1389-037BE0695223}
		{D0415266-789A-0234-F012-345678901234} = {0AB3BF05-4346-4AA6-1389-037BE0695223}
	EndGlobalSection
EndGlobal